// !$*UTF8*$!
{
	archiveVersion = 1;
	classes = {
	};
	objectVersion = 50;
	objects = {

/* Begin PBXBuildFile section */
		98D4C0FA252FF4AF0067F805 /* AppDelegate.m in Sources */ = {isa = PBXBuildFile; fileRef = 98D4C0F9252FF4AF0067F805 /* AppDelegate.m */; };
		98D4C105252FF4B20067F805 /* Assets.xcassets in Resources */ = {isa = PBXBuildFile; fileRef = 98D4C104252FF4B20067F805 /* Assets.xcassets */; };
		98D4C108252FF4B20067F805 /* LaunchScreen.storyboard in Resources */ = {isa = PBXBuildFile; fileRef = 98D4C106252FF4B20067F805 /* LaunchScreen.storyboard */; };
		98D4C10B252FF4B20067F805 /* main.m in Sources */ = {isa = PBXBuildFile; fileRef = 98D4C10A252FF4B20067F805 /* main.m */; };
		98D4C117252FF9CF0067F805 /* SessionViewController.m in Sources */ = {isa = PBXBuildFile; fileRef = 98D4C116252FF9CF0067F805 /* SessionViewController.m */; };
		98D4C11B252FF9F20067F805 /* UserViewController.m in Sources */ = {isa = PBXBuildFile; fileRef = 98D4C11A252FF9F20067F805 /* UserViewController.m */; };
		98D4C149253006090067F805 /* SessionTableViewCell.m in Sources */ = {isa = PBXBuildFile; fileRef = 98D4C148253006090067F805 /* SessionTableViewCell.m */; };
		98D4C16A253007E70067F805 /* LICENSE in Resources */ = {isa = PBXBuildFile; fileRef = 98D4C14E253007E70067F805 /* LICENSE */; };
		98D4C16B253007E70067F805 /* NSLayoutConstraint+MASDebugAdditions.m in Sources */ = {isa = PBXBuildFile; fileRef = 98D4C151253007E70067F805 /* NSLayoutConstraint+MASDebugAdditions.m */; };
		98D4C16C253007E70067F805 /* ViewController+MASAdditions.m in Sources */ = {isa = PBXBuildFile; fileRef = 98D4C15A253007E70067F805 /* ViewController+MASAdditions.m */; };
		98D4C16D253007E70067F805 /* MASCompositeConstraint.m in Sources */ = {isa = PBXBuildFile; fileRef = 98D4C15E253007E70067F805 /* MASCompositeConstraint.m */; };
		98D4C16E253007E70067F805 /* MASConstraintMaker.m in Sources */ = {isa = PBXBuildFile; fileRef = 98D4C15F253007E70067F805 /* MASConstraintMaker.m */; };
		98D4C16F253007E70067F805 /* MASLayoutConstraint.m in Sources */ = {isa = PBXBuildFile; fileRef = 98D4C160253007E70067F805 /* MASLayoutConstraint.m */; };
		98D4C170253007E70067F805 /* NSArray+MASAdditions.m in Sources */ = {isa = PBXBuildFile; fileRef = 98D4C161253007E70067F805 /* NSArray+MASAdditions.m */; };
		98D4C171253007E70067F805 /* View+MASAdditions.m in Sources */ = {isa = PBXBuildFile; fileRef = 98D4C162253007E70067F805 /* View+MASAdditions.m */; };
		98D4C172253007E70067F805 /* MASConstraint.m in Sources */ = {isa = PBXBuildFile; fileRef = 98D4C165253007E70067F805 /* MASConstraint.m */; };
		98D4C173253007E70067F805 /* MASViewConstraint.m in Sources */ = {isa = PBXBuildFile; fileRef = 98D4C167253007E70067F805 /* MASViewConstraint.m */; };
		98D4C174253007E70067F805 /* MASViewAttribute.m in Sources */ = {isa = PBXBuildFile; fileRef = 98D4C168253007E70067F805 /* MASViewAttribute.m */; };
		98D4C175253007E70067F805 /* README.md in Resources */ = {isa = PBXBuildFile; fileRef = 98D4C169253007E70067F805 /* README.md */; };
		98D4C1792530104E0067F805 /* UserTableViewCell.m in Sources */ = {isa = PBXBuildFile; fileRef = 98D4C1782530104E0067F805 /* UserTableViewCell.m */; };
		98D4C17E2530130A0067F805 /* BaseCellTableViewCell.m in Sources */ = {isa = PBXBuildFile; fileRef = 98D4C17C2530130A0067F805 /* BaseCellTableViewCell.m */; };
		98D4C1822530132A0067F805 /* ChatTableViewController.m in Sources */ = {isa = PBXBuildFile; fileRef = 98D4C1812530132A0067F805 /* ChatTableViewController.m */; };
		98D4C1892530133E0067F805 /* SendInfoTableViewCell.m in Sources */ = {isa = PBXBuildFile; fileRef = 98D4C1862530133E0067F805 /* SendInfoTableViewCell.m */; };
		98D4C18D253013450067F805 /* ReceiveTableViewCell.m in Sources */ = {isa = PBXBuildFile; fileRef = 98D4C18C253013450067F805 /* ReceiveTableViewCell.m */; };
		98D4C193253013540067F805 /* TimeInfoTableViewCell.m in Sources */ = {isa = PBXBuildFile; fileRef = 98D4C18F253013540067F805 /* TimeInfoTableViewCell.m */; };
		98D4C194253013540067F805 /* TriangleView.m in Sources */ = {isa = PBXBuildFile; fileRef = 98D4C192253013540067F805 /* TriangleView.m */; };
		98D4C198253013610067F805 /* MessageModel.m in Sources */ = {isa = PBXBuildFile; fileRef = 98D4C197253013610067F805 /* MessageModel.m */; };
		98D4C1AC253048FB0067F805 /* KeyBoard.m in Sources */ = {isa = PBXBuildFile; fileRef = 98D4C1AB253048FB0067F805 /* KeyBoard.m */; };
		98D4C1B125304A8A0067F805 /* InputTextView.m in Sources */ = {isa = PBXBuildFile; fileRef = 98D4C1B025304A8A0067F805 /* InputTextView.m */; };
		98D4C1B625304AB90067F805 /* InputEmojiView.m in Sources */ = {isa = PBXBuildFile; fileRef = 98D4C1B525304AB90067F805 /* InputEmojiView.m */; };
		98D4C1BA25304AD40067F805 /* InputMoreView.m in Sources */ = {isa = PBXBuildFile; fileRef = 98D4C1B925304AD40067F805 /* InputMoreView.m */; };
		98D4C1BF25304E8B0067F805 /* InputGetFrame.m in Sources */ = {isa = PBXBuildFile; fileRef = 98D4C1BE25304E8B0067F805 /* InputGetFrame.m */; };
		98FCDF4225318EAB0078E554 /* SqliteManager.m in Sources */ = {isa = PBXBuildFile; fileRef = 98FCDF4125318EAB0078E554 /* SqliteManager.m */; };
		98FCDF47253190510078E554 /* TransformMessageModel.m in Sources */ = {isa = PBXBuildFile; fileRef = 98FCDF46253190510078E554 /* TransformMessageModel.m */; };
		98FCDF4C253192B90078E554 /* MessageController.m in Sources */ = {isa = PBXBuildFile; fileRef = 98FCDF4B253192B90078E554 /* MessageController.m */; };
		98FCDF602531B0B60078E554 /* DBManager.m in Sources */ = {isa = PBXBuildFile; fileRef = 98FCDF5F2531B0B60078E554 /* DBManager.m */; };
/* End PBXBuildFile section */

/* Begin PBXFileReference section */
		98D4C0F5252FF4AF0067F805 /* WechatUI.app */ = {isa = PBXFileReference; explicitFileType = wrapper.application; includeInIndex = 0; path = WechatUI.app; sourceTree = BUILT_PRODUCTS_DIR; };
		98D4C0F8252FF4AF0067F805 /* AppDelegate.h */ = {isa = PBXFileReference; lastKnownFileType = sourcecode.c.h; path = AppDelegate.h; sourceTree = "<group>"; };
		98D4C0F9252FF4AF0067F805 /* AppDelegate.m */ = {isa = PBXFileReference; lastKnownFileType = sourcecode.c.objc; path = AppDelegate.m; sourceTree = "<group>"; };
		98D4C104252FF4B20067F805 /* Assets.xcassets */ = {isa = PBXFileReference; lastKnownFileType = folder.assetcatalog; path = Assets.xcassets; sourceTree = "<group>"; };
		98D4C107252FF4B20067F805 /* Base */ = {isa = PBXFileReference; lastKnownFileType = file.storyboard; name = Base; path = Base.lproj/LaunchScreen.storyboard; sourceTree = "<group>"; };
		98D4C109252FF4B20067F805 /* Info.plist */ = {isa = PBXFileReference; lastKnownFileType = text.plist.xml; path = Info.plist; sourceTree = "<group>"; };
		98D4C10A252FF4B20067F805 /* main.m */ = {isa = PBXFileReference; lastKnownFileType = sourcecode.c.objc; path = main.m; sourceTree = "<group>"; };
		98D4C115252FF9CF0067F805 /* SessionViewController.h */ = {isa = PBXFileReference; lastKnownFileType = sourcecode.c.h; path = SessionViewController.h; sourceTree = "<group>"; };
		98D4C116252FF9CF0067F805 /* SessionViewController.m */ = {isa = PBXFileReference; lastKnownFileType = sourcecode.c.objc; path = SessionViewController.m; sourceTree = "<group>"; };
		98D4C119252FF9F20067F805 /* UserViewController.h */ = {isa = PBXFileReference; lastKnownFileType = sourcecode.c.h; path = UserViewController.h; sourceTree = "<group>"; };
		98D4C11A252FF9F20067F805 /* UserViewController.m */ = {isa = PBXFileReference; lastKnownFileType = sourcecode.c.objc; path = UserViewController.m; sourceTree = "<group>"; };
		98D4C147253006090067F805 /* SessionTableViewCell.h */ = {isa = PBXFileReference; lastKnownFileType = sourcecode.c.h; path = SessionTableViewCell.h; sourceTree = "<group>"; };
		98D4C148253006090067F805 /* SessionTableViewCell.m */ = {isa = PBXFileReference; lastKnownFileType = sourcecode.c.objc; path = SessionTableViewCell.m; sourceTree = "<group>"; };
		98D4C14E253007E70067F805 /* LICENSE */ = {isa = PBXFileReference; fileEncoding = 4; lastKnownFileType = text; path = LICENSE; sourceTree = "<group>"; };
		98D4C150253007E70067F805 /* MASCompositeConstraint.h */ = {isa = PBXFileReference; fileEncoding = 4; lastKnownFileType = sourcecode.c.h; path = MASCompositeConstraint.h; sourceTree = "<group>"; };
		98D4C151253007E70067F805 /* NSLayoutConstraint+MASDebugAdditions.m */ = {isa = PBXFileReference; fileEncoding = 4; lastKnownFileType = sourcecode.c.objc; path = "NSLayoutConstraint+MASDebugAdditions.m"; sourceTree = "<group>"; };
		98D4C152253007E70067F805 /* MASConstraint+Private.h */ = {isa = PBXFileReference; fileEncoding = 4; lastKnownFileType = sourcecode.c.h; path = "MASConstraint+Private.h"; sourceTree = "<group>"; };
		98D4C153253007E70067F805 /* MASLayoutConstraint.h */ = {isa = PBXFileReference; fileEncoding = 4; lastKnownFileType = sourcecode.c.h; path = MASLayoutConstraint.h; sourceTree = "<group>"; };
		98D4C154253007E70067F805 /* NSArray+MASShorthandAdditions.h */ = {isa = PBXFileReference; fileEncoding = 4; lastKnownFileType = sourcecode.c.h; path = "NSArray+MASShorthandAdditions.h"; sourceTree = "<group>"; };
		98D4C155253007E70067F805 /* MASConstraintMaker.h */ = {isa = PBXFileReference; fileEncoding = 4; lastKnownFileType = sourcecode.c.h; path = MASConstraintMaker.h; sourceTree = "<group>"; };
		98D4C156253007E70067F805 /* View+MASAdditions.h */ = {isa = PBXFileReference; fileEncoding = 4; lastKnownFileType = sourcecode.c.h; path = "View+MASAdditions.h"; sourceTree = "<group>"; };
		98D4C157253007E70067F805 /* NSArray+MASAdditions.h */ = {isa = PBXFileReference; fileEncoding = 4; lastKnownFileType = sourcecode.c.h; path = "NSArray+MASAdditions.h"; sourceTree = "<group>"; };
		98D4C158253007E70067F805 /* MASUtilities.h */ = {isa = PBXFileReference; fileEncoding = 4; lastKnownFileType = sourcecode.c.h; path = MASUtilities.h; sourceTree = "<group>"; };
		98D4C159253007E70067F805 /* MASViewAttribute.h */ = {isa = PBXFileReference; fileEncoding = 4; lastKnownFileType = sourcecode.c.h; path = MASViewAttribute.h; sourceTree = "<group>"; };
		98D4C15A253007E70067F805 /* ViewController+MASAdditions.m */ = {isa = PBXFileReference; fileEncoding = 4; lastKnownFileType = sourcecode.c.objc; path = "ViewController+MASAdditions.m"; sourceTree = "<group>"; };
		98D4C15B253007E70067F805 /* MASViewConstraint.h */ = {isa = PBXFileReference; fileEncoding = 4; lastKnownFileType = sourcecode.c.h; path = MASViewConstraint.h; sourceTree = "<group>"; };
		98D4C15C253007E70067F805 /* MASConstraint.h */ = {isa = PBXFileReference; fileEncoding = 4; lastKnownFileType = sourcecode.c.h; path = MASConstraint.h; sourceTree = "<group>"; };
		98D4C15D253007E70067F805 /* NSLayoutConstraint+MASDebugAdditions.h */ = {isa = PBXFileReference; fileEncoding = 4; lastKnownFileType = sourcecode.c.h; path = "NSLayoutConstraint+MASDebugAdditions.h"; sourceTree = "<group>"; };
		98D4C15E253007E70067F805 /* MASCompositeConstraint.m */ = {isa = PBXFileReference; fileEncoding = 4; lastKnownFileType = sourcecode.c.objc; path = MASCompositeConstraint.m; sourceTree = "<group>"; };
		98D4C15F253007E70067F805 /* MASConstraintMaker.m */ = {isa = PBXFileReference; fileEncoding = 4; lastKnownFileType = sourcecode.c.objc; path = MASConstraintMaker.m; sourceTree = "<group>"; };
		98D4C160253007E70067F805 /* MASLayoutConstraint.m */ = {isa = PBXFileReference; fileEncoding = 4; lastKnownFileType = sourcecode.c.objc; path = MASLayoutConstraint.m; sourceTree = "<group>"; };
		98D4C161253007E70067F805 /* NSArray+MASAdditions.m */ = {isa = PBXFileReference; fileEncoding = 4; lastKnownFileType = sourcecode.c.objc; path = "NSArray+MASAdditions.m"; sourceTree = "<group>"; };
		98D4C162253007E70067F805 /* View+MASAdditions.m */ = {isa = PBXFileReference; fileEncoding = 4; lastKnownFileType = sourcecode.c.objc; path = "View+MASAdditions.m"; sourceTree = "<group>"; };
		98D4C163253007E70067F805 /* View+MASShorthandAdditions.h */ = {isa = PBXFileReference; fileEncoding = 4; lastKnownFileType = sourcecode.c.h; path = "View+MASShorthandAdditions.h"; sourceTree = "<group>"; };
		98D4C164253007E70067F805 /* Masonry.h */ = {isa = PBXFileReference; fileEncoding = 4; lastKnownFileType = sourcecode.c.h; path = Masonry.h; sourceTree = "<group>"; };
		98D4C165253007E70067F805 /* MASConstraint.m */ = {isa = PBXFileReference; fileEncoding = 4; lastKnownFileType = sourcecode.c.objc; path = MASConstraint.m; sourceTree = "<group>"; };
		98D4C166253007E70067F805 /* ViewController+MASAdditions.h */ = {isa = PBXFileReference; fileEncoding = 4; lastKnownFileType = sourcecode.c.h; path = "ViewController+MASAdditions.h"; sourceTree = "<group>"; };
		98D4C167253007E70067F805 /* MASViewConstraint.m */ = {isa = PBXFileReference; fileEncoding = 4; lastKnownFileType = sourcecode.c.objc; path = MASViewConstraint.m; sourceTree = "<group>"; };
		98D4C168253007E70067F805 /* MASViewAttribute.m */ = {isa = PBXFileReference; fileEncoding = 4; lastKnownFileType = sourcecode.c.objc; path = MASViewAttribute.m; sourceTree = "<group>"; };
		98D4C169253007E70067F805 /* README.md */ = {isa = PBXFileReference; fileEncoding = 4; lastKnownFileType = net.daringfireball.markdown; path = README.md; sourceTree = "<group>"; };
		98D4C1772530104E0067F805 /* UserTableViewCell.h */ = {isa = PBXFileReference; lastKnownFileType = sourcecode.c.h; path = UserTableViewCell.h; sourceTree = "<group>"; };
		98D4C1782530104E0067F805 /* UserTableViewCell.m */ = {isa = PBXFileReference; lastKnownFileType = sourcecode.c.objc; path = UserTableViewCell.m; sourceTree = "<group>"; };
		98D4C17C2530130A0067F805 /* BaseCellTableViewCell.m */ = {isa = PBXFileReference; fileEncoding = 4; lastKnownFileType = sourcecode.c.objc; path = BaseCellTableViewCell.m; sourceTree = "<group>"; };
		98D4C17D2530130A0067F805 /* BaseCellTableViewCell.h */ = {isa = PBXFileReference; fileEncoding = 4; lastKnownFileType = sourcecode.c.h; path = BaseCellTableViewCell.h; sourceTree = "<group>"; };
		98D4C1802530132A0067F805 /* ChatTableViewController.h */ = {isa = PBXFileReference; fileEncoding = 4; lastKnownFileType = sourcecode.c.h; path = ChatTableViewController.h; sourceTree = "<group>"; };
		98D4C1812530132A0067F805 /* ChatTableViewController.m */ = {isa = PBXFileReference; fileEncoding = 4; lastKnownFileType = sourcecode.c.objc; path = ChatTableViewController.m; sourceTree = "<group>"; };
		98D4C1862530133E0067F805 /* SendInfoTableViewCell.m */ = {isa = PBXFileReference; fileEncoding = 4; lastKnownFileType = sourcecode.c.objc; path = SendInfoTableViewCell.m; sourceTree = "<group>"; };
		98D4C1872530133E0067F805 /* SendInfoTableViewCell.h */ = {isa = PBXFileReference; fileEncoding = 4; lastKnownFileType = sourcecode.c.h; path = SendInfoTableViewCell.h; sourceTree = "<group>"; };
		98D4C18B253013450067F805 /* ReceiveTableViewCell.h */ = {isa = PBXFileReference; fileEncoding = 4; lastKnownFileType = sourcecode.c.h; path = ReceiveTableViewCell.h; sourceTree = "<group>"; };
		98D4C18C253013450067F805 /* ReceiveTableViewCell.m */ = {isa = PBXFileReference; fileEncoding = 4; lastKnownFileType = sourcecode.c.objc; path = ReceiveTableViewCell.m; sourceTree = "<group>"; };
		98D4C18F253013540067F805 /* TimeInfoTableViewCell.m */ = {isa = PBXFileReference; fileEncoding = 4; lastKnownFileType = sourcecode.c.objc; path = TimeInfoTableViewCell.m; sourceTree = "<group>"; };
		98D4C190253013540067F805 /* TimeInfoTableViewCell.h */ = {isa = PBXFileReference; fileEncoding = 4; lastKnownFileType = sourcecode.c.h; path = TimeInfoTableViewCell.h; sourceTree = "<group>"; };
		98D4C191253013540067F805 /* TriangleView.h */ = {isa = PBXFileReference; fileEncoding = 4; lastKnownFileType = sourcecode.c.h; path = TriangleView.h; sourceTree = "<group>"; };
		98D4C192253013540067F805 /* TriangleView.m */ = {isa = PBXFileReference; fileEncoding = 4; lastKnownFileType = sourcecode.c.objc; path = TriangleView.m; sourceTree = "<group>"; };
		98D4C1962530135B0067F805 /* MessageModel.h */ = {isa = PBXFileReference; lastKnownFileType = sourcecode.c.h; path = MessageModel.h; sourceTree = "<group>"; };
		98D4C197253013610067F805 /* MessageModel.m */ = {isa = PBXFileReference; fileEncoding = 4; lastKnownFileType = sourcecode.c.objc; path = MessageModel.m; sourceTree = "<group>"; };
		98D4C1AA253048FB0067F805 /* KeyBoard.h */ = {isa = PBXFileReference; lastKnownFileType = sourcecode.c.h; path = KeyBoard.h; sourceTree = "<group>"; };
		98D4C1AB253048FB0067F805 /* KeyBoard.m */ = {isa = PBXFileReference; lastKnownFileType = sourcecode.c.objc; path = KeyBoard.m; sourceTree = "<group>"; };
		98D4C1AF25304A8A0067F805 /* InputTextView.h */ = {isa = PBXFileReference; lastKnownFileType = sourcecode.c.h; path = InputTextView.h; sourceTree = "<group>"; };
		98D4C1B025304A8A0067F805 /* InputTextView.m */ = {isa = PBXFileReference; lastKnownFileType = sourcecode.c.objc; path = InputTextView.m; sourceTree = "<group>"; };
		98D4C1B425304AB90067F805 /* InputEmojiView.h */ = {isa = PBXFileReference; lastKnownFileType = sourcecode.c.h; path = InputEmojiView.h; sourceTree = "<group>"; };
		98D4C1B525304AB90067F805 /* InputEmojiView.m */ = {isa = PBXFileReference; lastKnownFileType = sourcecode.c.objc; path = InputEmojiView.m; sourceTree = "<group>"; };
		98D4C1B825304AD40067F805 /* InputMoreView.h */ = {isa = PBXFileReference; lastKnownFileType = sourcecode.c.h; path = InputMoreView.h; sourceTree = "<group>"; };
		98D4C1B925304AD40067F805 /* InputMoreView.m */ = {isa = PBXFileReference; lastKnownFileType = sourcecode.c.objc; path = InputMoreView.m; sourceTree = "<group>"; };
		98D4C1BD25304E8B0067F805 /* InputGetFrame.h */ = {isa = PBXFileReference; lastKnownFileType = sourcecode.c.h; path = InputGetFrame.h; sourceTree = "<group>"; };
		98D4C1BE25304E8B0067F805 /* InputGetFrame.m */ = {isa = PBXFileReference; lastKnownFileType = sourcecode.c.objc; path = InputGetFrame.m; sourceTree = "<group>"; };
		98FCDF4025318EAB0078E554 /* SqliteManager.h */ = {isa = PBXFileReference; lastKnownFileType = sourcecode.c.h; path = SqliteManager.h; sourceTree = "<group>"; };
		98FCDF4125318EAB0078E554 /* SqliteManager.m */ = {isa = PBXFileReference; lastKnownFileType = sourcecode.c.objc; path = SqliteManager.m; sourceTree = "<group>"; };
		98FCDF45253190510078E554 /* TransformMessageModel.h */ = {isa = PBXFileReference; lastKnownFileType = sourcecode.c.h; path = TransformMessageModel.h; sourceTree = "<group>"; };
		98FCDF46253190510078E554 /* TransformMessageModel.m */ = {isa = PBXFileReference; lastKnownFileType = sourcecode.c.objc; path = TransformMessageModel.m; sourceTree = "<group>"; };
		98FCDF4A253192B90078E554 /* MessageController.h */ = {isa = PBXFileReference; lastKnownFileType = sourcecode.c.h; path = MessageController.h; sourceTree = "<group>"; };
		98FCDF4B253192B90078E554 /* MessageController.m */ = {isa = PBXFileReference; lastKnownFileType = sourcecode.c.objc; path = MessageController.m; sourceTree = "<group>"; };
		98FCDF5E2531B0B60078E554 /* DBManager.h */ = {isa = PBXFileReference; lastKnownFileType = sourcecode.c.h; path = DBManager.h; sourceTree = "<group>"; };
		98FCDF5F2531B0B60078E554 /* DBManager.m */ = {isa = PBXFileReference; lastKnownFileType = sourcecode.c.objc; path = DBManager.m; sourceTree = "<group>"; };
/* End PBXFileReference section */

/* Begin PBXFrameworksBuildPhase section */
		98D4C0F2252FF4AF0067F805 /* Frameworks */ = {
			isa = PBXFrameworksBuildPhase;
			buildActionMask = 2147483647;
			files = (
			);
			runOnlyForDeploymentPostprocessing = 0;
		};
/* End PBXFrameworksBuildPhase section */

/* Begin PBXGroup section */
		98D4C0EC252FF4AF0067F805 = {
			isa = PBXGroup;
			children = (
				98D4C0F7252FF4AF0067F805 /* WechatUI */,
				98D4C0F6252FF4AF0067F805 /* Products */,
			);
			sourceTree = "<group>";
		};
		98D4C0F6252FF4AF0067F805 /* Products */ = {
			isa = PBXGroup;
			children = (
				98D4C0F5252FF4AF0067F805 /* WechatUI.app */,
			);
			name = Products;
			sourceTree = "<group>";
		};
		98D4C0F7252FF4AF0067F805 /* WechatUI */ = {
			isa = PBXGroup;
			children = (
				98FCDF3F25318E5B0078E554 /* DataManager */,
				98D4C19A253013EC0067F805 /* Chat */,
				98D4C14C253007E70067F805 /* Vendor */,
				98D4C1462530052D0067F805 /* User */,
				98D4C145253005110067F805 /* Session */,
				98D4C0F8252FF4AF0067F805 /* AppDelegate.h */,
				98D4C0F9252FF4AF0067F805 /* AppDelegate.m */,
				98D4C104252FF4B20067F805 /* Assets.xcassets */,
				98D4C106252FF4B20067F805 /* LaunchScreen.storyboard */,
				98D4C109252FF4B20067F805 /* Info.plist */,
				98D4C10A252FF4B20067F805 /* main.m */,
			);
			path = WechatUI;
			sourceTree = "<group>";
		};
		98D4C145253005110067F805 /* Session */ = {
			isa = PBXGroup;
			children = (
				98D4C115252FF9CF0067F805 /* SessionViewController.h */,
				98D4C116252FF9CF0067F805 /* SessionViewController.m */,
				98D4C147253006090067F805 /* SessionTableViewCell.h */,
				98D4C148253006090067F805 /* SessionTableViewCell.m */,
			);
			path = Session;
			sourceTree = "<group>";
		};
		98D4C1462530052D0067F805 /* User */ = {
			isa = PBXGroup;
			children = (
				98D4C119252FF9F20067F805 /* UserViewController.h */,
				98D4C11A252FF9F20067F805 /* UserViewController.m */,
				98D4C1772530104E0067F805 /* UserTableViewCell.h */,
				98D4C1782530104E0067F805 /* UserTableViewCell.m */,
			);
			name = User;
			sourceTree = "<group>";
		};
		98D4C14C253007E70067F805 /* Vendor */ = {
			isa = PBXGroup;
			children = (
				98D4C14D253007E70067F805 /* Masonry */,
			);
			path = Vendor;
			sourceTree = "<group>";
		};
		98D4C14D253007E70067F805 /* Masonry */ = {
			isa = PBXGroup;
			children = (
				98D4C14E253007E70067F805 /* LICENSE */,
				98D4C14F253007E70067F805 /* Masonry */,
				98D4C169253007E70067F805 /* README.md */,
			);
			path = Masonry;
			sourceTree = "<group>";
		};
		98D4C14F253007E70067F805 /* Masonry */ = {
			isa = PBXGroup;
			children = (
				98D4C150253007E70067F805 /* MASCompositeConstraint.h */,
				98D4C151253007E70067F805 /* NSLayoutConstraint+MASDebugAdditions.m */,
				98D4C152253007E70067F805 /* MASConstraint+Private.h */,
				98D4C153253007E70067F805 /* MASLayoutConstraint.h */,
				98D4C154253007E70067F805 /* NSArray+MASShorthandAdditions.h */,
				98D4C155253007E70067F805 /* MASConstraintMaker.h */,
				98D4C156253007E70067F805 /* View+MASAdditions.h */,
				98D4C157253007E70067F805 /* NSArray+MASAdditions.h */,
				98D4C158253007E70067F805 /* MASUtilities.h */,
				98D4C159253007E70067F805 /* MASViewAttribute.h */,
				98D4C15A253007E70067F805 /* ViewController+MASAdditions.m */,
				98D4C15B253007E70067F805 /* MASViewConstraint.h */,
				98D4C15C253007E70067F805 /* MASConstraint.h */,
				98D4C15D253007E70067F805 /* NSLayoutConstraint+MASDebugAdditions.h */,
				98D4C15E253007E70067F805 /* MASCompositeConstraint.m */,
				98D4C15F253007E70067F805 /* MASConstraintMaker.m */,
				98D4C160253007E70067F805 /* MASLayoutConstraint.m */,
				98D4C161253007E70067F805 /* NSArray+MASAdditions.m */,
				98D4C162253007E70067F805 /* View+MASAdditions.m */,
				98D4C163253007E70067F805 /* View+MASShorthandAdditions.h */,
				98D4C164253007E70067F805 /* Masonry.h */,
				98D4C165253007E70067F805 /* MASConstraint.m */,
				98D4C166253007E70067F805 /* ViewController+MASAdditions.h */,
				98D4C167253007E70067F805 /* MASViewConstraint.m */,
				98D4C168253007E70067F805 /* MASViewAttribute.m */,
			);
			path = Masonry;
			sourceTree = "<group>";
		};
		98D4C17B2530129E0067F805 /* MessageCell */ = {
			isa = PBXGroup;
			children = (
				98FCDF5325319EBA0078E554 /* MessageBaseCell */,
			);
			name = MessageCell;
			sourceTree = "<group>";
		};
		98D4C19A253013EC0067F805 /* Chat */ = {
			isa = PBXGroup;
			children = (
				98D4C17B2530129E0067F805 /* MessageCell */,
				98FCDF49253192820078E554 /* Message */,
				98D4C1A32530485E0067F805 /* KeyBoard */,
				98D4C1802530132A0067F805 /* ChatTableViewController.h */,
				98D4C1812530132A0067F805 /* ChatTableViewController.m */,
			);
			name = Chat;
			sourceTree = "<group>";
		};
		98D4C1A32530485E0067F805 /* KeyBoard */ = {
			isa = PBXGroup;
			children = (
				98D4C1AA253048FB0067F805 /* KeyBoard.h */,
				98D4C1AB253048FB0067F805 /* KeyBoard.m */,
				98D4C1AF25304A8A0067F805 /* InputTextView.h */,
				98D4C1B025304A8A0067F805 /* InputTextView.m */,
				98D4C1B425304AB90067F805 /* InputEmojiView.h */,
				98D4C1B525304AB90067F805 /* InputEmojiView.m */,
				98D4C1B825304AD40067F805 /* InputMoreView.h */,
				98D4C1B925304AD40067F805 /* InputMoreView.m */,
				98D4C1BD25304E8B0067F805 /* InputGetFrame.h */,
				98D4C1BE25304E8B0067F805 /* InputGetFrame.m */,
			);
			path = KeyBoard;
			sourceTree = "<group>";
		};
		98FCDF3F25318E5B0078E554 /* DataManager */ = {
			isa = PBXGroup;
			children = (
				98FCDF4025318EAB0078E554 /* SqliteManager.h */,
				98FCDF4125318EAB0078E554 /* SqliteManager.m */,
				98FCDF5E2531B0B60078E554 /* DBManager.h */,
				98FCDF5F2531B0B60078E554 /* DBManager.m */,
			);
			path = DataManager;
			sourceTree = "<group>";
		};
		98FCDF49253192820078E554 /* Message */ = {
			isa = PBXGroup;
			children = (
				98FCDF4A253192B90078E554 /* MessageController.h */,
				98FCDF4B253192B90078E554 /* MessageController.m */,
				98FCDF45253190510078E554 /* TransformMessageModel.h */,
				98FCDF46253190510078E554 /* TransformMessageModel.m */,
				98D4C1962530135B0067F805 /* MessageModel.h */,
				98D4C197253013610067F805 /* MessageModel.m */,
			);
			name = Message;
			sourceTree = "<group>";
		};
		98FCDF5325319EBA0078E554 /* MessageBaseCell */ = {
			isa = PBXGroup;
			children = (
				98D4C190253013540067F805 /* TimeInfoTableViewCell.h */,
				98D4C18F253013540067F805 /* TimeInfoTableViewCell.m */,
				98D4C191253013540067F805 /* TriangleView.h */,
				98D4C192253013540067F805 /* TriangleView.m */,
				98D4C18B253013450067F805 /* ReceiveTableViewCell.h */,
				98D4C18C253013450067F805 /* ReceiveTableViewCell.m */,
				98D4C1872530133E0067F805 /* SendInfoTableViewCell.h */,
				98D4C1862530133E0067F805 /* SendInfoTableViewCell.m */,
				98D4C17D2530130A0067F805 /* BaseCellTableViewCell.h */,
				98D4C17C2530130A0067F805 /* BaseCellTableViewCell.m */,
			);
			path = MessageBaseCell;
			sourceTree = "<group>";
		};
/* End PBXGroup section */

/* Begin PBXNativeTarget section */
		98D4C0F4252FF4AF0067F805 /* WechatUI */ = {
			isa = PBXNativeTarget;
			buildConfigurationList = 98D4C10E252FF4B20067F805 /* Build configuration list for PBXNativeTarget "WechatUI" */;
			buildPhases = (
				98D4C0F1252FF4AF0067F805 /* Sources */,
				98D4C0F2252FF4AF0067F805 /* Frameworks */,
				98D4C0F3252FF4AF0067F805 /* Resources */,
			);
			buildRules = (
			);
			dependencies = (
			);
			name = WechatUI;
			productName = WechatUI;
			productReference = 98D4C0F5252FF4AF0067F805 /* WechatUI.app */;
			productType = "com.apple.product-type.application";
		};
/* End PBXNativeTarget section */

/* Begin PBXProject section */
		98D4C0ED252FF4AF0067F805 /* Project object */ = {
			isa = PBXProject;
			attributes = {
				LastUpgradeCheck = 1200;
				TargetAttributes = {
					98D4C0F4252FF4AF0067F805 = {
						CreatedOnToolsVersion = 12.0.1;
					};
				};
			};
			buildConfigurationList = 98D4C0F0252FF4AF0067F805 /* Build configuration list for PBXProject "WechatUI" */;
			compatibilityVersion = "Xcode 9.3";
			developmentRegion = en;
			hasScannedForEncodings = 0;
			knownRegions = (
				en,
				Base,
			);
			mainGroup = 98D4C0EC252FF4AF0067F805;
			productRefGroup = 98D4C0F6252FF4AF0067F805 /* Products */;
			projectDirPath = "";
			projectRoot = "";
			targets = (
				98D4C0F4252FF4AF0067F805 /* WechatUI */,
			);
		};
/* End PBXProject section */

/* Begin PBXResourcesBuildPhase section */
		98D4C0F3252FF4AF0067F805 /* Resources */ = {
			isa = PBXResourcesBuildPhase;
			buildActionMask = 2147483647;
			files = (
				98D4C16A253007E70067F805 /* LICENSE in Resources */,
				98D4C108252FF4B20067F805 /* LaunchScreen.storyboard in Resources */,
				98D4C175253007E70067F805 /* README.md in Resources */,
				98D4C105252FF4B20067F805 /* Assets.xcassets in Resources */,
			);
			runOnlyForDeploymentPostprocessing = 0;
		};
/* End PBXResourcesBuildPhase section */

/* Begin PBXSourcesBuildPhase section */
		98D4C0F1252FF4AF0067F805 /* Sources */ = {
			isa = PBXSourcesBuildPhase;
			buildActionMask = 2147483647;
			files = (
				98D4C198253013610067F805 /* MessageModel.m in Sources */,
				98D4C17E2530130A0067F805 /* BaseCellTableViewCell.m in Sources */,
				98D4C173253007E70067F805 /* MASViewConstraint.m in Sources */,
				98D4C193253013540067F805 /* TimeInfoTableViewCell.m in Sources */,
				98D4C16E253007E70067F805 /* MASConstraintMaker.m in Sources */,
				98D4C1BF25304E8B0067F805 /* InputGetFrame.m in Sources */,
				98D4C1892530133E0067F805 /* SendInfoTableViewCell.m in Sources */,
				98D4C11B252FF9F20067F805 /* UserViewController.m in Sources */,
				98D4C16C253007E70067F805 /* ViewController+MASAdditions.m in Sources */,
				98D4C16B253007E70067F805 /* NSLayoutConstraint+MASDebugAdditions.m in Sources */,
				98D4C194253013540067F805 /* TriangleView.m in Sources */,
				98FCDF602531B0B60078E554 /* DBManager.m in Sources */,
				98FCDF4225318EAB0078E554 /* SqliteManager.m in Sources */,
				98D4C1AC253048FB0067F805 /* KeyBoard.m in Sources */,
				98D4C16D253007E70067F805 /* MASCompositeConstraint.m in Sources */,
				98D4C1B625304AB90067F805 /* InputEmojiView.m in Sources */,
				98D4C149253006090067F805 /* SessionTableViewCell.m in Sources */,
				98D4C16F253007E70067F805 /* MASLayoutConstraint.m in Sources */,
				98D4C171253007E70067F805 /* View+MASAdditions.m in Sources */,
				98D4C170253007E70067F805 /* NSArray+MASAdditions.m in Sources */,
				98D4C1822530132A0067F805 /* ChatTableViewController.m in Sources */,
				98D4C117252FF9CF0067F805 /* SessionViewController.m in Sources */,
				98FCDF47253190510078E554 /* TransformMessageModel.m in Sources */,
				98D4C1B125304A8A0067F805 /* InputTextView.m in Sources */,
				98D4C1BA25304AD40067F805 /* InputMoreView.m in Sources */,
				98FCDF4C253192B90078E554 /* MessageController.m in Sources */,
				98D4C0FA252FF4AF0067F805 /* AppDelegate.m in Sources */,
				98D4C174253007E70067F805 /* MASViewAttribute.m in Sources */,
				98D4C172253007E70067F805 /* MASConstraint.m in Sources */,
				98D4C18D253013450067F805 /* ReceiveTableViewCell.m in Sources */,
				98D4C10B252FF4B20067F805 /* main.m in Sources */,
				98D4C1792530104E0067F805 /* UserTableViewCell.m in Sources */,
			);
			runOnlyForDeploymentPostprocessing = 0;
		};
/* End PBXSourcesBuildPhase section */

/* Begin PBXVariantGroup section */
		98D4C106252FF4B20067F805 /* LaunchScreen.storyboard */ = {
			isa = PBXVariantGroup;
			children = (
				98D4C107252FF4B20067F805 /* Base */,
			);
			name = LaunchScreen.storyboard;
			sourceTree = "<group>";
		};
/* End PBXVariantGroup section */

/* Begin XCBuildConfiguration section */
		98D4C10C252FF4B20067F805 /* Debug */ = {
			isa = XCBuildConfiguration;
			buildSettings = {
				ALWAYS_SEARCH_USER_PATHS = NO;
				CLANG_ANALYZER_NONNULL = YES;
				CLANG_ANALYZER_NUMBER_OBJECT_CONVERSION = YES_AGGRESSIVE;
				CLANG_CXX_LANGUAGE_STANDARD = "gnu++14";
				CLANG_CXX_LIBRARY = "libc++";
				CLANG_ENABLE_MODULES = YES;
				CLANG_ENABLE_OBJC_ARC = YES;
				CLANG_ENABLE_OBJC_WEAK = YES;
				CLANG_WARN_BLOCK_CAPTURE_AUTORELEASING = YES;
				CLANG_WARN_BOOL_CONVERSION = YES;
				CLANG_WARN_COMMA = YES;
				CLANG_WARN_CONSTANT_CONVERSION = YES;
				CLANG_WARN_DEPRECATED_OBJC_IMPLEMENTATIONS = YES;
				CLANG_WARN_DIRECT_OBJC_ISA_USAGE = YES_ERROR;
				CLANG_WARN_DOCUMENTATION_COMMENTS = YES;
				CLANG_WARN_EMPTY_BODY = YES;
				CLANG_WARN_ENUM_CONVERSION = YES;
				CLANG_WARN_INFINITE_RECURSION = YES;
				CLANG_WARN_INT_CONVERSION = YES;
				CLANG_WARN_NON_LITERAL_NULL_CONVERSION = YES;
				CLANG_WARN_OBJC_IMPLICIT_RETAIN_SELF = YES;
				CLANG_WARN_OBJC_LITERAL_CONVERSION = YES;
				CLANG_WARN_OBJC_ROOT_CLASS = YES_ERROR;
				CLANG_WARN_QUOTED_INCLUDE_IN_FRAMEWORK_HEADER = YES;
				CLANG_WARN_RANGE_LOOP_ANALYSIS = YES;
				CLANG_WARN_STRICT_PROTOTYPES = YES;
				CLANG_WARN_SUSPICIOUS_MOVE = YES;
				CLANG_WARN_UNGUARDED_AVAILABILITY = YES_AGGRESSIVE;
				CLANG_WARN_UNREACHABLE_CODE = YES;
				CLANG_WARN__DUPLICATE_METHOD_MATCH = YES;
				COPY_PHASE_STRIP = NO;
				DEBUG_INFORMATION_FORMAT = dwarf;
				ENABLE_STRICT_OBJC_MSGSEND = YES;
				ENABLE_TESTABILITY = YES;
				GCC_C_LANGUAGE_STANDARD = gnu11;
				GCC_DYNAMIC_NO_PIC = NO;
				GCC_NO_COMMON_BLOCKS = YES;
				GCC_OPTIMIZATION_LEVEL = 0;
				GCC_PREPROCESSOR_DEFINITIONS = (
					"DEBUG=1",
					"$(inherited)",
				);
				GCC_WARN_64_TO_32_BIT_CONVERSION = YES;
				GCC_WARN_ABOUT_RETURN_TYPE = YES_ERROR;
				GCC_WARN_UNDECLARED_SELECTOR = YES;
				GCC_WARN_UNINITIALIZED_AUTOS = YES_AGGRESSIVE;
				GCC_WARN_UNUSED_FUNCTION = YES;
				GCC_WARN_UNUSED_VARIABLE = YES;
				IPHONEOS_DEPLOYMENT_TARGET = 14.0;
				MTL_ENABLE_DEBUG_INFO = INCLUDE_SOURCE;
				MTL_FAST_MATH = YES;
				ONLY_ACTIVE_ARCH = YES;
				SDKROOT = iphoneos;
			};
			name = Debug;
		};
		98D4C10D252FF4B20067F805 /* Release */ = {
			isa = XCBuildConfiguration;
			buildSettings = {
				ALWAYS_SEARCH_USER_PATHS = NO;
				CLANG_ANALYZER_NONNULL = YES;
				CLANG_ANALYZER_NUMBER_OBJECT_CONVERSION = YES_AGGRESSIVE;
				CLANG_CXX_LANGUAGE_STANDARD = "gnu++14";
				CLANG_CXX_LIBRARY = "libc++";
				CLANG_ENABLE_MODULES = YES;
				CLANG_ENABLE_OBJC_ARC = YES;
				CLANG_ENABLE_OBJC_WEAK = YES;
				CLANG_WARN_BLOCK_CAPTURE_AUTORELEASING = YES;
				CLANG_WARN_BOOL_CONVERSION = YES;
				CLANG_WARN_COMMA = YES;
				CLANG_WARN_CONSTANT_CONVERSION = YES;
				CLANG_WARN_DEPRECATED_OBJC_IMPLEMENTATIONS = YES;
				CLANG_WARN_DIRECT_OBJC_ISA_USAGE = YES_ERROR;
				CLANG_WARN_DOCUMENTATION_COMMENTS = YES;
				CLANG_WARN_EMPTY_BODY = YES;
				CLANG_WARN_ENUM_CONVERSION = YES;
				CLANG_WARN_INFINITE_RECURSION = YES;
				CLANG_WARN_INT_CONVERSION = YES;
				CLANG_WARN_NON_LITERAL_NULL_CONVERSION = YES;
				CLANG_WARN_OBJC_IMPLICIT_RETAIN_SELF = YES;
				CLANG_WARN_OBJC_LITERAL_CONVERSION = YES;
				CLANG_WARN_OBJC_ROOT_CLASS = YES_ERROR;
				CLANG_WARN_QUOTED_INCLUDE_IN_FRAMEWORK_HEADER = YES;
				CLANG_WARN_RANGE_LOOP_ANALYSIS = YES;
				CLANG_WARN_STRICT_PROTOTYPES = YES;
				CLANG_WARN_SUSPICIOUS_MOVE = YES;
				CLANG_WARN_UNGUARDED_AVAILABILITY = YES_AGGRESSIVE;
				CLANG_WARN_UNREACHABLE_CODE = YES;
				CLANG_WARN__DUPLICATE_METHOD_MATCH = YES;
				COPY_PHASE_STRIP = NO;
				DEBUG_INFORMATION_FORMAT = "dwarf-with-dsym";
				ENABLE_NS_ASSERTIONS = NO;
				ENABLE_STRICT_OBJC_MSGSEND = YES;
				GCC_C_LANGUAGE_STANDARD = gnu11;
				GCC_NO_COMMON_BLOCKS = YES;
				GCC_WARN_64_TO_32_BIT_CONVERSION = YES;
				GCC_WARN_ABOUT_RETURN_TYPE = YES_ERROR;
				GCC_WARN_UNDECLARED_SELECTOR = YES;
				GCC_WARN_UNINITIALIZED_AUTOS = YES_AGGRESSIVE;
				GCC_WARN_UNUSED_FUNCTION = YES;
				GCC_WARN_UNUSED_VARIABLE = YES;
				IPHONEOS_DEPLOYMENT_TARGET = 14.0;
				MTL_ENABLE_DEBUG_INFO = NO;
				MTL_FAST_MATH = YES;
				SDKROOT = iphoneos;
				VALIDATE_PRODUCT = YES;
			};
			name = Release;
		};
		98D4C10F252FF4B20067F805 /* Debug */ = {
			isa = XCBuildConfiguration;
			buildSettings = {
				ASSETCATALOG_COMPILER_APPICON_NAME = AppIcon;
				ASSETCATALOG_COMPILER_GLOBAL_ACCENT_COLOR_NAME = AccentColor;
				CODE_SIGN_STYLE = Automatic;
				DEVELOPMENT_TEAM = KVY9QC9HZ9;
				INFOPLIST_FILE = WechatUI/Info.plist;
				LD_RUNPATH_SEARCH_PATHS = (
					"$(inherited)",
					"@executable_path/Frameworks",
				);
				PRODUCT_BUNDLE_IDENTIFIER = com.baidu.WechatUI;
				PRODUCT_NAME = "$(TARGET_NAME)";
				TARGETED_DEVICE_FAMILY = "1,2";
			};
			name = Debug;
		};
		98D4C110252FF4B20067F805 /* Release */ = {
			isa = XCBuildConfiguration;
			buildSettings = {
				ASSETCATALOG_COMPILER_APPICON_NAME = AppIcon;
				ASSETCATALOG_COMPILER_GLOBAL_ACCENT_COLOR_NAME = AccentColor;
				CODE_SIGN_STYLE = Automatic;
				DEVELOPMENT_TEAM = KVY9QC9HZ9;
				INFOPLIST_FILE = WechatUI/Info.plist;
				LD_RUNPATH_SEARCH_PATHS = (
					"$(inherited)",
					"@executable_path/Frameworks",
				);
				PRODUCT_BUNDLE_IDENTIFIER = com.baidu.WechatUI;
				PRODUCT_NAME = "$(TARGET_NAME)";
				TARGETED_DEVICE_FAMILY = "1,2";
			};
			name = Release;
		};
/* End XCBuildConfiguration section */

/* Begin XCConfigurationList section */
		98D4C0F0252FF4AF0067F805 /* Build configuration list for PBXProject "WechatUI" */ = {
			isa = XCConfigurationList;
			buildConfigurations = (
				98D4C10C252FF4B20067F805 /* Debug */,
				98D4C10D252FF4B20067F805 /* Release */,
			);
			defaultConfigurationIsVisible = 0;
			defaultConfigurationName = Release;
		};
		98D4C10E252FF4B20067F805 /* Build configuration list for PBXNativeTarget "WechatUI" */ = {
			isa = XCConfigurationList;
			buildConfigurations = (
				98D4C10F252FF4B20067F805 /* Debug */,
				98D4C110252FF4B20067F805 /* Release */,
			);
			defaultConfigurationIsVisible = 0;
			defaultConfigurationName = Release;
		};
/* End XCConfigurationList section */
	};
	rootObject = 98D4C0ED252FF4AF0067F805 /* Project object */;
}
